
Microsoft Visual Studio Solution File, Format Version 12.00
# Visual Studio Version 16
VisualStudioVersion = 16.0.31005.135
MinimumVisualStudioVersion = 10.0.40219.1
Project("{FAE04EC0-301F-11D3-BF4B-00C04F79EFBC}") = "Jump spel", "Jump spel\Jump spel.csproj", "{9FBA7D7C-DD82-4DA2-AFF1-ECE1B8455442}"
EndProject
Global
	GlobalSection(SolutionConfigurationPlatforms) = preSolution
		Debug|Any CPU = Debug|Any CPU
		Release|Any CPU = Release|Any CPU
	EndGlobalSection
	GlobalSection(ProjectConfigurationPlatforms) = postSolution
		{9FBA7D7C-DD82-4DA2-AFF1-ECE1B8455442}.Debug|Any CPU.ActiveCfg = Debug|Any CPU
		{9FBA7D7C-DD82-4DA2-AFF1-ECE1B8455442}.Debug|Any CPU.Build.0 = Debug|Any CPU
		{9FBA7D7C-DD82-4DA2-AFF1-ECE1B8455442}.Release|Any CPU.ActiveCfg = Release|Any CPU
		{9FBA7D7C-DD82-4DA2-AFF1-ECE1B8455442}.Release|Any CPU.Build.0 = Release|Any CPU
	EndGlobalSection
	GlobalSection(SolutionProperties) = preSolution
		HideSolutionNode = FALSE
	EndGlobalSection
	GlobalSection(ExtensibilityGlobals) = postSolution
		SolutionGuid = {BDF25AFA-4F79-46F0-BD1E-75D6AEA88893}
	EndGlobalSection
EndGlobal
